
Microsoft Visual Studio Solution File, Format Version 12.00
# Visual Studio Version 16
VisualStudioVersion = 16.0.29613.14
MinimumVisualStudioVersion = 10.0.40219.1
Project("{FAE04EC0-301F-11D3-BF4B-00C04F79EFBC}") = "RentalMovies", "RentalMovies\RentalMovies.csproj", "{BDFE6B49-F001-4678-A90E-4E5FE42CCCB1}"
EndProject
Global
	GlobalSection(SolutionConfigurationPlatforms) = preSolution
		Debug|Any CPU = Debug|Any CPU
		Release|Any CPU = Release|Any CPU
	EndGlobalSection
	GlobalSection(ProjectConfigurationPlatforms) = postSolution
		{BDFE6B49-F001-4678-A90E-4E5FE42CCCB1}.Debug|Any CPU.ActiveCfg = Debug|Any CPU
		{BDFE6B49-F001-4678-A90E-4E5FE42CCCB1}.Debug|Any CPU.Build.0 = Debug|Any CPU
		{BDFE6B49-F001-4678-A90E-4E5FE42CCCB1}.Release|Any CPU.ActiveCfg = Release|Any CPU
		{BDFE6B49-F001-4678-A90E-4E5FE42CCCB1}.Release|Any CPU.Build.0 = Release|Any CPU
	EndGlobalSection
	GlobalSection(SolutionProperties) = preSolution
		HideSolutionNode = FALSE
	EndGlobalSection
	GlobalSection(ExtensibilityGlobals) = postSolution
		SolutionGuid = {2AA559A1-B313-42A6-BBBD-28F3C7D56F3A}
	EndGlobalSection
EndGlobal
